
Microsoft Visual Studio Solution File, Format Version 12.00
# Visual Studio 2013
VisualStudioVersion = 12.0.40629.0
MinimumVisualStudioVersion = 10.0.40219.1
Project("{FAE04EC0-301F-11D3-BF4B-00C04F79EFBC}") = "GestionBanque01", "GestionBanque01\GestionBanque01.csproj", "{85F34D7C-8044-47FB-BFF2-A547DF5E61A5}"
EndProject
Project("{FAE04EC0-301F-11D3-BF4B-00C04F79EFBC}") = "GestionBanque02", "GestionBanque02\GestionBanque02.csproj", "{0865A394-DD9C-4E24-809B-BC39DA6A9F64}"
EndProject
Project("{FAE04EC0-301F-11D3-BF4B-00C04F79EFBC}") = "GestionBanque03", "GestionBanque03\GestionBanque03.csproj", "{0275A88A-0179-4740-AD18-BD13DCEBDFE8}"
EndProject
Project("{FAE04EC0-301F-11D3-BF4B-00C04F79EFBC}") = "GestionBanque04-1", "GestionBanque04-1\GestionBanque04-1.csproj", "{623DCEAC-48BE-4A39-8F9B-5215DD3749BD}"
EndProject
Project("{FAE04EC0-301F-11D3-BF4B-00C04F79EFBC}") = "GestionBanque04-2", "GestionBanque04-2\GestionBanque04-2.csproj", "{8AFFC80C-4E36-4356-B71A-4137550E9362}"
EndProject
Project("{FAE04EC0-301F-11D3-BF4B-00C04F79EFBC}") = "GestionBanque05", "GestionBanque05\GestionBanque05.csproj", "{D8962F5D-FACA-4D41-B8D2-866779D8BB44}"
EndProject
Project("{FAE04EC0-301F-11D3-BF4B-00C04F79EFBC}") = "GestionBanque06", "GestionBanque06\GestionBanque06.csproj", "{3BC4617F-EC2A-4644-B5FB-8F06681A6B11}"
EndProject
Project("{FAE04EC0-301F-11D3-BF4B-00C04F79EFBC}") = "GestionBanque07", "GestionBanque07\GestionBanque07.csproj", "{E42EA9EE-F9B9-49C8-97EA-A1A8197EBEF6}"
EndProject
Project("{FAE04EC0-301F-11D3-BF4B-00C04F79EFBC}") = "GestionBanque08", "GestionBanque08\GestionBanque08.csproj", "{ECB5C117-5A9B-4E2E-9F3D-65804F70F16E}"
EndProject
Project("{FAE04EC0-301F-11D3-BF4B-00C04F79EFBC}") = "GestionBanque09", "GestionBanque09\GestionBanque09.csproj", "{992FE4E0-31C8-4295-823E-69537CF051C5}"
EndProject
Project("{FAE04EC0-301F-11D3-BF4B-00C04F79EFBC}") = "GestionBanque10", "GestionBanque10\GestionBanque10.csproj", "{CC018A3E-26C0-4930-8189-9193AD6C0EEA}"
EndProject
Project("{FAE04EC0-301F-11D3-BF4B-00C04F79EFBC}") = "GestionBanque11", "GestionBanque11\GestionBanque11.csproj", "{9821B647-CC4B-4CBC-8983-8E30474792CB}"
EndProject
Project("{2150E333-8FDC-42A3-9474-1A3956D46DE8}") = "01 Encapsualtion - Classes et Propriétés", "01 Encapsualtion - Classes et Propriétés", "{1533E661-4936-43F0-9E6D-C3EDD26B488D}"
EndProject
Project("{2150E333-8FDC-42A3-9474-1A3956D46DE8}") = "02 Indexeurs", "02 Indexeurs", "{3E2E8DD5-9CF3-41E1-B593-D9AA5406C03F}"
EndProject
Project("{2150E333-8FDC-42A3-9474-1A3956D46DE8}") = "03 Surcharge d'opérateur", "03 Surcharge d'opérateur", "{97C2BDA7-53A6-4DB5-952E-9CAC635CC6B7}"
EndProject
Project("{2150E333-8FDC-42A3-9474-1A3956D46DE8}") = "04 Héritage", "04 Héritage", "{D91771F4-DE51-4B83-B6CF-1AA2E77993F2}"
EndProject
Project("{2150E333-8FDC-42A3-9474-1A3956D46DE8}") = "05 Polymorphisme", "05 Polymorphisme", "{5FEC3691-E35D-4EB8-ACA8-736B786153CE}"
EndProject
Project("{2150E333-8FDC-42A3-9474-1A3956D46DE8}") = "06 Classes abstraites", "06 Classes abstraites", "{21B52D7B-0E1F-4111-932B-DAB40768CB40}"
EndProject
Project("{2150E333-8FDC-42A3-9474-1A3956D46DE8}") = "07 Les insterfaces", "07 Les insterfaces", "{E8F187C8-D4CB-4DDF-B073-E6A6DA9013F6}"
EndProject
Project("{2150E333-8FDC-42A3-9474-1A3956D46DE8}") = "08 Les constructeurs", "08 Les constructeurs", "{687A8C11-87C3-4729-9828-CC4EF7810CC5}"
EndProject
Project("{2150E333-8FDC-42A3-9474-1A3956D46DE8}") = "09 Les Exception", "09 Les Exception", "{7FED514F-41C5-49F9-8855-6E649C16DAAF}"
EndProject
Project("{2150E333-8FDC-42A3-9474-1A3956D46DE8}") = "10 Les évènements", "10 Les évènements", "{091554F5-1A24-4C08-98BA-DD9F072053A9}"
EndProject
Project("{2150E333-8FDC-42A3-9474-1A3956D46DE8}") = "11 Les génériques", "11 Les génériques", "{5D5A243A-7633-4635-A587-497F6A16AC88}"
EndProject
Global
	GlobalSection(SolutionConfigurationPlatforms) = preSolution
		Debug|Any CPU = Debug|Any CPU
		Release|Any CPU = Release|Any CPU
	EndGlobalSection
	GlobalSection(ProjectConfigurationPlatforms) = postSolution
		{85F34D7C-8044-47FB-BFF2-A547DF5E61A5}.Debug|Any CPU.ActiveCfg = Debug|Any CPU
		{85F34D7C-8044-47FB-BFF2-A547DF5E61A5}.Debug|Any CPU.Build.0 = Debug|Any CPU
		{85F34D7C-8044-47FB-BFF2-A547DF5E61A5}.Release|Any CPU.ActiveCfg = Release|Any CPU
		{85F34D7C-8044-47FB-BFF2-A547DF5E61A5}.Release|Any CPU.Build.0 = Release|Any CPU
		{0865A394-DD9C-4E24-809B-BC39DA6A9F64}.Debug|Any CPU.ActiveCfg = Debug|Any CPU
		{0865A394-DD9C-4E24-809B-BC39DA6A9F64}.Debug|Any CPU.Build.0 = Debug|Any CPU
		{0865A394-DD9C-4E24-809B-BC39DA6A9F64}.Release|Any CPU.ActiveCfg = Release|Any CPU
		{0865A394-DD9C-4E24-809B-BC39DA6A9F64}.Release|Any CPU.Build.0 = Release|Any CPU
		{0275A88A-0179-4740-AD18-BD13DCEBDFE8}.Debug|Any CPU.ActiveCfg = Debug|Any CPU
		{0275A88A-0179-4740-AD18-BD13DCEBDFE8}.Debug|Any CPU.Build.0 = Debug|Any CPU
		{0275A88A-0179-4740-AD18-BD13DCEBDFE8}.Release|Any CPU.ActiveCfg = Release|Any CPU
		{0275A88A-0179-4740-AD18-BD13DCEBDFE8}.Release|Any CPU.Build.0 = Release|Any CPU
		{623DCEAC-48BE-4A39-8F9B-5215DD3749BD}.Debug|Any CPU.ActiveCfg = Debug|Any CPU
		{623DCEAC-48BE-4A39-8F9B-5215DD3749BD}.Debug|Any CPU.Build.0 = Debug|Any CPU
		{623DCEAC-48BE-4A39-8F9B-5215DD3749BD}.Release|Any CPU.ActiveCfg = Release|Any CPU
		{623DCEAC-48BE-4A39-8F9B-5215DD3749BD}.Release|Any CPU.Build.0 = Release|Any CPU
		{8AFFC80C-4E36-4356-B71A-4137550E9362}.Debug|Any CPU.ActiveCfg = Debug|Any CPU
		{8AFFC80C-4E36-4356-B71A-4137550E9362}.Debug|Any CPU.Build.0 = Debug|Any CPU
		{8AFFC80C-4E36-4356-B71A-4137550E9362}.Release|Any CPU.ActiveCfg = Release|Any CPU
		{8AFFC80C-4E36-4356-B71A-4137550E9362}.Release|Any CPU.Build.0 = Release|Any CPU
		{D8962F5D-FACA-4D41-B8D2-866779D8BB44}.Debug|Any CPU.ActiveCfg = Debug|Any CPU
		{D8962F5D-FACA-4D41-B8D2-866779D8BB44}.Debug|Any CPU.Build.0 = Debug|Any CPU
		{D8962F5D-FACA-4D41-B8D2-866779D8BB44}.Release|Any CPU.ActiveCfg = Release|Any CPU
		{D8962F5D-FACA-4D41-B8D2-866779D8BB44}.Release|Any CPU.Build.0 = Release|Any CPU
		{3BC4617F-EC2A-4644-B5FB-8F06681A6B11}.Debug|Any CPU.ActiveCfg = Debug|Any CPU
		{3BC4617F-EC2A-4644-B5FB-8F06681A6B11}.Debug|Any CPU.Build.0 = Debug|Any CPU
		{3BC4617F-EC2A-4644-B5FB-8F06681A6B11}.Release|Any CPU.ActiveCfg = Release|Any CPU
		{3BC4617F-EC2A-4644-B5FB-8F06681A6B11}.Release|Any CPU.Build.0 = Release|Any CPU
		{E42EA9EE-F9B9-49C8-97EA-A1A8197EBEF6}.Debug|Any CPU.ActiveCfg = Debug|Any CPU
		{E42EA9EE-F9B9-49C8-97EA-A1A8197EBEF6}.Debug|Any CPU.Build.0 = Debug|Any CPU
		{E42EA9EE-F9B9-49C8-97EA-A1A8197EBEF6}.Release|Any CPU.ActiveCfg = Release|Any CPU
		{E42EA9EE-F9B9-49C8-97EA-A1A8197EBEF6}.Release|Any CPU.Build.0 = Release|Any CPU
		{ECB5C117-5A9B-4E2E-9F3D-65804F70F16E}.Debug|Any CPU.ActiveCfg = Debug|Any CPU
		{ECB5C117-5A9B-4E2E-9F3D-65804F70F16E}.Debug|Any CPU.Build.0 = Debug|Any CPU
		{ECB5C117-5A9B-4E2E-9F3D-65804F70F16E}.Release|Any CPU.ActiveCfg = Release|Any CPU
		{ECB5C117-5A9B-4E2E-9F3D-65804F70F16E}.Release|Any CPU.Build.0 = Release|Any CPU
		{992FE4E0-31C8-4295-823E-69537CF051C5}.Debug|Any CPU.ActiveCfg = Debug|Any CPU
		{992FE4E0-31C8-4295-823E-69537CF051C5}.Debug|Any CPU.Build.0 = Debug|Any CPU
		{992FE4E0-31C8-4295-823E-69537CF051C5}.Release|Any CPU.ActiveCfg = Release|Any CPU
		{992FE4E0-31C8-4295-823E-69537CF051C5}.Release|Any CPU.Build.0 = Release|Any CPU
		{CC018A3E-26C0-4930-8189-9193AD6C0EEA}.Debug|Any CPU.ActiveCfg = Debug|Any CPU
		{CC018A3E-26C0-4930-8189-9193AD6C0EEA}.Debug|Any CPU.Build.0 = Debug|Any CPU
		{CC018A3E-26C0-4930-8189-9193AD6C0EEA}.Release|Any CPU.ActiveCfg = Release|Any CPU
		{CC018A3E-26C0-4930-8189-9193AD6C0EEA}.Release|Any CPU.Build.0 = Release|Any CPU
		{9821B647-CC4B-4CBC-8983-8E30474792CB}.Debug|Any CPU.ActiveCfg = Debug|Any CPU
		{9821B647-CC4B-4CBC-8983-8E30474792CB}.Debug|Any CPU.Build.0 = Debug|Any CPU
		{9821B647-CC4B-4CBC-8983-8E30474792CB}.Release|Any CPU.ActiveCfg = Release|Any CPU
		{9821B647-CC4B-4CBC-8983-8E30474792CB}.Release|Any CPU.Build.0 = Release|Any CPU
	EndGlobalSection
	GlobalSection(SolutionProperties) = preSolution
		HideSolutionNode = FALSE
	EndGlobalSection
	GlobalSection(NestedProjects) = preSolution
		{85F34D7C-8044-47FB-BFF2-A547DF5E61A5} = {1533E661-4936-43F0-9E6D-C3EDD26B488D}
		{0865A394-DD9C-4E24-809B-BC39DA6A9F64} = {3E2E8DD5-9CF3-41E1-B593-D9AA5406C03F}
		{0275A88A-0179-4740-AD18-BD13DCEBDFE8} = {97C2BDA7-53A6-4DB5-952E-9CAC635CC6B7}
		{623DCEAC-48BE-4A39-8F9B-5215DD3749BD} = {D91771F4-DE51-4B83-B6CF-1AA2E77993F2}
		{8AFFC80C-4E36-4356-B71A-4137550E9362} = {D91771F4-DE51-4B83-B6CF-1AA2E77993F2}
		{D8962F5D-FACA-4D41-B8D2-866779D8BB44} = {5FEC3691-E35D-4EB8-ACA8-736B786153CE}
		{3BC4617F-EC2A-4644-B5FB-8F06681A6B11} = {21B52D7B-0E1F-4111-932B-DAB40768CB40}
		{E42EA9EE-F9B9-49C8-97EA-A1A8197EBEF6} = {E8F187C8-D4CB-4DDF-B073-E6A6DA9013F6}
		{ECB5C117-5A9B-4E2E-9F3D-65804F70F16E} = {687A8C11-87C3-4729-9828-CC4EF7810CC5}
		{992FE4E0-31C8-4295-823E-69537CF051C5} = {7FED514F-41C5-49F9-8855-6E649C16DAAF}
		{CC018A3E-26C0-4930-8189-9193AD6C0EEA} = {091554F5-1A24-4C08-98BA-DD9F072053A9}
		{9821B647-CC4B-4CBC-8983-8E30474792CB} = {5D5A243A-7633-4635-A587-497F6A16AC88}
	EndGlobalSection
EndGlobal
